
Microsoft Visual Studio Solution File, Format Version 12.00
# Visual Studio Version 17
VisualStudioVersion = 17.0.31903.59
MinimumVisualStudioVersion = 10.0.40219.1
Project("{FAE04EC0-301F-11D3-BF4B-00C04F79EFBC}") = "SwiftParcel.Services.Pricing.Api", "SwiftParcel.Services.Pricing.Api\SwiftParcel.Services.Pricing.Api.csproj", "{6C5048FE-1DCC-406B-86CB-479CDC891D5D}"
EndProject
Global
	GlobalSection(SolutionConfigurationPlatforms) = preSolution
		Debug|Any CPU = Debug|Any CPU
		Release|Any CPU = Release|Any CPU
	EndGlobalSection
	GlobalSection(SolutionProperties) = preSolution
		HideSolutionNode = FALSE
	EndGlobalSection
	GlobalSection(ProjectConfigurationPlatforms) = postSolution
		{6C5048FE-1DCC-406B-86CB-479CDC891D5D}.Debug|Any CPU.ActiveCfg = Debug|Any CPU
		{6C5048FE-1DCC-406B-86CB-479CDC891D5D}.Debug|Any CPU.Build.0 = Debug|Any CPU
		{6C5048FE-1DCC-406B-86CB-479CDC891D5D}.Release|Any CPU.ActiveCfg = Release|Any CPU
		{6C5048FE-1DCC-406B-86CB-479CDC891D5D}.Release|Any CPU.Build.0 = Release|Any CPU
	EndGlobalSection
EndGlobal
