
Microsoft Visual Studio Solution File, Format Version 12.00
# Visual Studio Version 17
VisualStudioVersion = 17.0.31903.59
MinimumVisualStudioVersion = 10.0.40219.1
Project("{2150E333-8FDC-42A3-9474-1A3956D46DE8}") = "src", "src", "{5F2EF2C7-5798-4569-85F7-8985655984CC}"
EndProject
Project("{FAE04EC0-301F-11D3-BF4B-00C04F79EFBC}") = "SwiftParcel.Services.Identity", "src\SwiftParcel.Services.Identity\SwiftParcel.Services.Identity.csproj", "{AFA3F252-2ED1-47E3-8046-7567C8734C49}"
EndProject
Global
	GlobalSection(SolutionConfigurationPlatforms) = preSolution
		Debug|Any CPU = Debug|Any CPU
		Release|Any CPU = Release|Any CPU
	EndGlobalSection
	GlobalSection(SolutionProperties) = preSolution
		HideSolutionNode = FALSE
	EndGlobalSection
	GlobalSection(ProjectConfigurationPlatforms) = postSolution
		{AFA3F252-2ED1-47E3-8046-7567C8734C49}.Debug|Any CPU.ActiveCfg = Debug|Any CPU
		{AFA3F252-2ED1-47E3-8046-7567C8734C49}.Debug|Any CPU.Build.0 = Debug|Any CPU
		{AFA3F252-2ED1-47E3-8046-7567C8734C49}.Release|Any CPU.ActiveCfg = Release|Any CPU
		{AFA3F252-2ED1-47E3-8046-7567C8734C49}.Release|Any CPU.Build.0 = Release|Any CPU
	EndGlobalSection
	GlobalSection(NestedProjects) = preSolution
		{AFA3F252-2ED1-47E3-8046-7567C8734C49} = {5F2EF2C7-5798-4569-85F7-8985655984CC}
	EndGlobalSection
EndGlobal
